
Microsoft Visual Studio Solution File, Format Version 12.00
# Visual Studio 14
VisualStudioVersion = 14.0.25420.1
MinimumVisualStudioVersion = 10.0.40219.1
Project("{FAE04EC0-301F-11D3-BF4B-00C04F79EFBC}") = "TCompiler", "TCompiler\TCompiler.csproj", "{933C9A1E-006D-4FEC-BF21-0AC61F142D78}"
EndProject
Project("{FAE04EC0-301F-11D3-BF4B-00C04F79EFBC}") = "TestApplication", "TestApplication\TestApplication.csproj", "{84F25071-EC2F-4365-AA57-1866AB1C5BB1}"
EndProject
Global
	GlobalSection(SolutionConfigurationPlatforms) = preSolution
		Debug|Any CPU = Debug|Any CPU
		Release|Any CPU = Release|Any CPU
	EndGlobalSection
	GlobalSection(ProjectConfigurationPlatforms) = postSolution
		{933C9A1E-006D-4FEC-BF21-0AC61F142D78}.Debug|Any CPU.ActiveCfg = Debug|Any CPU
		{933C9A1E-006D-4FEC-BF21-0AC61F142D78}.Debug|Any CPU.Build.0 = Debug|Any CPU
		{933C9A1E-006D-4FEC-BF21-0AC61F142D78}.Release|Any CPU.ActiveCfg = Release|Any CPU
		{933C9A1E-006D-4FEC-BF21-0AC61F142D78}.Release|Any CPU.Build.0 = Release|Any CPU
		{84F25071-EC2F-4365-AA57-1866AB1C5BB1}.Debug|Any CPU.ActiveCfg = Debug|Any CPU
		{84F25071-EC2F-4365-AA57-1866AB1C5BB1}.Debug|Any CPU.Build.0 = Debug|Any CPU
		{84F25071-EC2F-4365-AA57-1866AB1C5BB1}.Release|Any CPU.ActiveCfg = Release|Any CPU
		{84F25071-EC2F-4365-AA57-1866AB1C5BB1}.Release|Any CPU.Build.0 = Release|Any CPU
	EndGlobalSection
	GlobalSection(SolutionProperties) = preSolution
		HideSolutionNode = FALSE
	EndGlobalSection
EndGlobal
